// !$*UTF8*$!
{
	archiveVersion = 1;
	classes = {
	};
	objectVersion = 46;
	objects = {

/* Begin PBXBuildFile section */
		EC04696A1ED7FFEE00777672 /* ResUpdateApi.m in Sources */ = {isa = PBXBuildFile; fileRef = EC0469691ED7FFEE00777672 /* ResUpdateApi.m */; };
		EC0E19561E8CAD4D002B50F9 /* main.m in Sources */ = {isa = PBXBuildFile; fileRef = EC0E19551E8CAD4D002B50F9 /* main.m */; };
		EC0E19591E8CAD4D002B50F9 /* AppDelegate.m in Sources */ = {isa = PBXBuildFile; fileRef = EC0E19581E8CAD4D002B50F9 /* AppDelegate.m */; };
		EC0E195C1E8CAD4D002B50F9 /* ViewController.m in Sources */ = {isa = PBXBuildFile; fileRef = EC0E195B1E8CAD4D002B50F9 /* ViewController.m */; };
		EC0E195F1E8CAD4D002B50F9 /* Main.storyboard in Resources */ = {isa = PBXBuildFile; fileRef = EC0E195D1E8CAD4D002B50F9 /* Main.storyboard */; };
		EC0E19611E8CAD4D002B50F9 /* Assets.xcassets in Resources */ = {isa = PBXBuildFile; fileRef = EC0E19601E8CAD4D002B50F9 /* Assets.xcassets */; };
		EC0E19641E8CAD4D002B50F9 /* LaunchScreen.storyboard in Resources */ = {isa = PBXBuildFile; fileRef = EC0E19621E8CAD4D002B50F9 /* LaunchScreen.storyboard */; };
		EC44A42F1EE14D6B0076DAB3 /* libcasterModel.a in Frameworks */ = {isa = PBXBuildFile; fileRef = EC8ADB021EAF4E150061D917 /* libcasterModel.a */; };
		ECBE7B7B1EDED2C4006E538B /* JVNetwork.framework in Frameworks */ = {isa = PBXBuildFile; fileRef = EC621E401ED983B0009958D0 /* JVNetwork.framework */; };
		FAA23B1ECB8C22CF2D1BC2E7 /* libPods-mvvm-playground.a in Frameworks */ = {isa = PBXBuildFile; fileRef = C640D4DB97D1B9EF93741B22 /* libPods-mvvm-playground.a */; };
/* End PBXBuildFile section */

/* Begin PBXFileReference section */
		98D3D33F77E2491C2068DD53 /* Pods-mvvm-playground.release.xcconfig */ = {isa = PBXFileReference; includeInIndex = 1; lastKnownFileType = text.xcconfig; name = "Pods-mvvm-playground.release.xcconfig"; path = "Pods/Target Support Files/Pods-mvvm-playground/Pods-mvvm-playground.release.xcconfig"; sourceTree = "<group>"; };
		AAF788A3222577A7B8448A16 /* Pods-mvvm-playground.debug.xcconfig */ = {isa = PBXFileReference; includeInIndex = 1; lastKnownFileType = text.xcconfig; name = "Pods-mvvm-playground.debug.xcconfig"; path = "Pods/Target Support Files/Pods-mvvm-playground/Pods-mvvm-playground.debug.xcconfig"; sourceTree = "<group>"; };
		C640D4DB97D1B9EF93741B22 /* libPods-mvvm-playground.a */ = {isa = PBXFileReference; explicitFileType = archive.ar; includeInIndex = 0; path = "libPods-mvvm-playground.a"; sourceTree = BUILT_PRODUCTS_DIR; };
		EC0469681ED7FFEE00777672 /* ResUpdateApi.h */ = {isa = PBXFileReference; fileEncoding = 4; lastKnownFileType = sourcecode.c.h; path = ResUpdateApi.h; sourceTree = "<group>"; };
		EC0469691ED7FFEE00777672 /* ResUpdateApi.m */ = {isa = PBXFileReference; fileEncoding = 4; lastKnownFileType = sourcecode.c.objc; path = ResUpdateApi.m; sourceTree = "<group>"; };
		EC0E19511E8CAD4D002B50F9 /* mvvm-playground.app */ = {isa = PBXFileReference; explicitFileType = wrapper.application; includeInIndex = 0; path = "mvvm-playground.app"; sourceTree = BUILT_PRODUCTS_DIR; };
		EC0E19551E8CAD4D002B50F9 /* main.m */ = {isa = PBXFileReference; lastKnownFileType = sourcecode.c.objc; path = main.m; sourceTree = "<group>"; };
		EC0E19571E8CAD4D002B50F9 /* AppDelegate.h */ = {isa = PBXFileReference; lastKnownFileType = sourcecode.c.h; path = AppDelegate.h; sourceTree = "<group>"; };
		EC0E19581E8CAD4D002B50F9 /* AppDelegate.m */ = {isa = PBXFileReference; lastKnownFileType = sourcecode.c.objc; path = AppDelegate.m; sourceTree = "<group>"; };
		EC0E195A1E8CAD4D002B50F9 /* ViewController.h */ = {isa = PBXFileReference; lastKnownFileType = sourcecode.c.h; path = ViewController.h; sourceTree = "<group>"; };
		EC0E195B1E8CAD4D002B50F9 /* ViewController.m */ = {isa = PBXFileReference; lastKnownFileType = sourcecode.c.objc; path = ViewController.m; sourceTree = "<group>"; };
		EC0E195E1E8CAD4D002B50F9 /* Base */ = {isa = PBXFileReference; lastKnownFileType = file.storyboard; name = Base; path = Base.lproj/Main.storyboard; sourceTree = "<group>"; };
		EC0E19601E8CAD4D002B50F9 /* Assets.xcassets */ = {isa = PBXFileReference; lastKnownFileType = folder.assetcatalog; path = Assets.xcassets; sourceTree = "<group>"; };
		EC0E19631E8CAD4D002B50F9 /* Base */ = {isa = PBXFileReference; lastKnownFileType = file.storyboard; name = Base; path = Base.lproj/LaunchScreen.storyboard; sourceTree = "<group>"; };
		EC0E19651E8CAD4D002B50F9 /* Info.plist */ = {isa = PBXFileReference; lastKnownFileType = text.plist.xml; path = Info.plist; sourceTree = "<group>"; };
		EC621E401ED983B0009958D0 /* JVNetwork.framework */ = {isa = PBXFileReference; lastKnownFileType = wrapper.framework; name = JVNetwork.framework; path = "../../Library/Developer/Xcode/DerivedData/mvvm-playground-hhtivhdojvaumqdratskcccniwvo/Build/Products/Debug-iphonesimulator/JVNetwork.framework"; sourceTree = "<group>"; };
		EC8ADB021EAF4E150061D917 /* libcasterModel.a */ = {isa = PBXFileReference; lastKnownFileType = archive.ar; name = libcasterModel.a; path = "../../Library/Developer/Xcode/DerivedData/mvvm-playground-hhtivhdojvaumqdratskcccniwvo/Build/Products/Debug-iphonesimulator/libcasterModel.a"; sourceTree = "<group>"; };
		ECBE7B611EDEA595006E538B /* PrefixHeader.pch */ = {isa = PBXFileReference; lastKnownFileType = sourcecode.c.h; name = PrefixHeader.pch; path = ../PrefixHeader.pch; sourceTree = "<group>"; };
/* End PBXFileReference section */

/* Begin PBXFrameworksBuildPhase section */
		EC0E194E1E8CAD4C002B50F9 /* Frameworks */ = {
			isa = PBXFrameworksBuildPhase;
			buildActionMask = 2147483647;
			files = (
				EC44A42F1EE14D6B0076DAB3 /* libcasterModel.a in Frameworks */,
				ECBE7B7B1EDED2C4006E538B /* JVNetwork.framework in Frameworks */,
				FAA23B1ECB8C22CF2D1BC2E7 /* libPods-mvvm-playground.a in Frameworks */,
			);
			runOnlyForDeploymentPostprocessing = 0;
		};
/* End PBXFrameworksBuildPhase section */

/* Begin PBXGroup section */
		719024C2302A2B3DC456F6C0 /* Pods */ = {
			isa = PBXGroup;
			children = (
				AAF788A3222577A7B8448A16 /* Pods-mvvm-playground.debug.xcconfig */,
				98D3D33F77E2491C2068DD53 /* Pods-mvvm-playground.release.xcconfig */,
			);
			name = Pods;
			sourceTree = "<group>";
		};
		82271E44EF491EAEA577FC79 /* Frameworks */ = {
			isa = PBXGroup;
			children = (
				EC621E401ED983B0009958D0 /* JVNetwork.framework */,
				EC8ADB021EAF4E150061D917 /* libcasterModel.a */,
				C640D4DB97D1B9EF93741B22 /* libPods-mvvm-playground.a */,
			);
			name = Frameworks;
			sourceTree = "<group>";
		};
		EC0E19481E8CAD4C002B50F9 = {
			isa = PBXGroup;
			children = (
				EC0E19531E8CAD4D002B50F9 /* mvvm-playground */,
				EC0E19521E8CAD4D002B50F9 /* Products */,
				719024C2302A2B3DC456F6C0 /* Pods */,
				82271E44EF491EAEA577FC79 /* Frameworks */,
			);
			sourceTree = "<group>";
		};
		EC0E19521E8CAD4D002B50F9 /* Products */ = {
			isa = PBXGroup;
			children = (
				EC0E19511E8CAD4D002B50F9 /* mvvm-playground.app */,
			);
			name = Products;
			sourceTree = "<group>";
		};
		EC0E19531E8CAD4D002B50F9 /* mvvm-playground */ = {
			isa = PBXGroup;
			children = (
				EC0E19571E8CAD4D002B50F9 /* AppDelegate.h */,
				EC0E19581E8CAD4D002B50F9 /* AppDelegate.m */,
				EC0E195A1E8CAD4D002B50F9 /* ViewController.h */,
				EC0E195B1E8CAD4D002B50F9 /* ViewController.m */,
				EC0E195D1E8CAD4D002B50F9 /* Main.storyboard */,
				EC0E19601E8CAD4D002B50F9 /* Assets.xcassets */,
				EC0E19621E8CAD4D002B50F9 /* LaunchScreen.storyboard */,
				EC0E19651E8CAD4D002B50F9 /* Info.plist */,
				EC0E19541E8CAD4D002B50F9 /* Supporting Files */,
				EC0469681ED7FFEE00777672 /* ResUpdateApi.h */,
				EC0469691ED7FFEE00777672 /* ResUpdateApi.m */,
			);
			path = "mvvm-playground";
			sourceTree = "<group>";
		};
		EC0E19541E8CAD4D002B50F9 /* Supporting Files */ = {
			isa = PBXGroup;
			children = (
				ECBE7B611EDEA595006E538B /* PrefixHeader.pch */,
				EC0E19551E8CAD4D002B50F9 /* main.m */,
			);
			name = "Supporting Files";
			sourceTree = "<group>";
		};
/* End PBXGroup section */

/* Begin PBXNativeTarget section */
		EC0E19501E8CAD4C002B50F9 /* mvvm-playground */ = {
			isa = PBXNativeTarget;
			buildConfigurationList = EC0E19681E8CAD4D002B50F9 /* Build configuration list for PBXNativeTarget "mvvm-playground" */;
			buildPhases = (
				B7F51E38DCB156D06498DC03 /* [CP] Check Pods Manifest.lock */,
				EC0E194D1E8CAD4C002B50F9 /* Sources */,
				EC0E194E1E8CAD4C002B50F9 /* Frameworks */,
				EC0E194F1E8CAD4C002B50F9 /* Resources */,
				421F90ACC49506D3B8B699A7 /* [CP] Embed Pods Frameworks */,
				429E20A7A85745F06EB50249 /* [CP] Copy Pods Resources */,
			);
			buildRules = (
			);
			dependencies = (
			);
			name = "mvvm-playground";
			productName = "mvvm-playground";
			productReference = EC0E19511E8CAD4D002B50F9 /* mvvm-playground.app */;
			productType = "com.apple.product-type.application";
		};
/* End PBXNativeTarget section */

/* Begin PBXProject section */
		EC0E19491E8CAD4C002B50F9 /* Project object */ = {
			isa = PBXProject;
			attributes = {
				LastUpgradeCheck = 0820;
				ORGANIZATIONNAME = fengchao;
				TargetAttributes = {
					EC0E19501E8CAD4C002B50F9 = {
						CreatedOnToolsVersion = 8.2.1;
						DevelopmentTeam = 8T9HE858RS;
						ProvisioningStyle = Automatic;
					};
				};
			};
			buildConfigurationList = EC0E194C1E8CAD4C002B50F9 /* Build configuration list for PBXProject "mvvm-playground" */;
			compatibilityVersion = "Xcode 3.2";
			developmentRegion = English;
			hasScannedForEncodings = 0;
			knownRegions = (
				en,
				Base,
			);
			mainGroup = EC0E19481E8CAD4C002B50F9;
			productRefGroup = EC0E19521E8CAD4D002B50F9 /* Products */;
			projectDirPath = "";
			projectRoot = "";
			targets = (
				EC0E19501E8CAD4C002B50F9 /* mvvm-playground */,
			);
		};
/* End PBXProject section */

/* Begin PBXResourcesBuildPhase section */
		EC0E194F1E8CAD4C002B50F9 /* Resources */ = {
			isa = PBXResourcesBuildPhase;
			buildActionMask = 2147483647;
			files = (
				EC0E19641E8CAD4D002B50F9 /* LaunchScreen.storyboard in Resources */,
				EC0E19611E8CAD4D002B50F9 /* Assets.xcassets in Resources */,
				EC0E195F1E8CAD4D002B50F9 /* Main.storyboard in Resources */,
			);
			runOnlyForDeploymentPostprocessing = 0;
		};
/* End PBXResourcesBuildPhase section */

/* Begin PBXShellScriptBuildPhase section */
		421F90ACC49506D3B8B699A7 /* [CP] Embed Pods Frameworks */ = {
			isa = PBXShellScriptBuildPhase;
			buildActionMask = 2147483647;
			files = (
			);
			inputPaths = (
			);
			name = "[CP] Embed Pods Frameworks";
			outputPaths = (
			);
			runOnlyForDeploymentPostprocessing = 0;
			shellPath = /bin/sh;
			shellScript = "\"${SRCROOT}/Pods/Target Support Files/Pods-mvvm-playground/Pods-mvvm-playground-frameworks.sh\"\n";
			showEnvVarsInLog = 0;
		};
		429E20A7A85745F06EB50249 /* [CP] Copy Pods Resources */ = {
			isa = PBXShellScriptBuildPhase;
			buildActionMask = 2147483647;
			files = (
			);
			inputPaths = (
			);
			name = "[CP] Copy Pods Resources";
			outputPaths = (
			);
			runOnlyForDeploymentPostprocessing = 0;
			shellPath = /bin/sh;
			shellScript = "\"${SRCROOT}/Pods/Target Support Files/Pods-mvvm-playground/Pods-mvvm-playground-resources.sh\"\n";
			showEnvVarsInLog = 0;
		};
		B7F51E38DCB156D06498DC03 /* [CP] Check Pods Manifest.lock */ = {
			isa = PBXShellScriptBuildPhase;
			buildActionMask = 2147483647;
			files = (
			);
			inputPaths = (
			);
			name = "[CP] Check Pods Manifest.lock";
			outputPaths = (
			);
			runOnlyForDeploymentPostprocessing = 0;
			shellPath = /bin/sh;
			shellScript = "diff \"${PODS_ROOT}/../Podfile.lock\" \"${PODS_ROOT}/Manifest.lock\" > /dev/null\nif [ $? != 0 ] ; then\n    # print error to STDERR\n    echo \"error: The sandbox is not in sync with the Podfile.lock. Run 'pod install' or update your CocoaPods installation.\" >&2\n    exit 1\nfi\n";
			showEnvVarsInLog = 0;
		};
/* End PBXShellScriptBuildPhase section */

/* Begin PBXSourcesBuildPhase section */
		EC0E194D1E8CAD4C002B50F9 /* Sources */ = {
			isa = PBXSourcesBuildPhase;
			buildActionMask = 2147483647;
			files = (
				EC04696A1ED7FFEE00777672 /* ResUpdateApi.m in Sources */,
				EC0E195C1E8CAD4D002B50F9 /* ViewController.m in Sources */,
				EC0E19591E8CAD4D002B50F9 /* AppDelegate.m in Sources */,
				EC0E19561E8CAD4D002B50F9 /* main.m in Sources */,
			);
			runOnlyForDeploymentPostprocessing = 0;
		};
/* End PBXSourcesBuildPhase section */

/* Begin PBXVariantGroup section */
		EC0E195D1E8CAD4D002B50F9 /* Main.storyboard */ = {
			isa = PBXVariantGroup;
			children = (
				EC0E195E1E8CAD4D002B50F9 /* Base */,
			);
			name = Main.storyboard;
			sourceTree = "<group>";
		};
		EC0E19621E8CAD4D002B50F9 /* LaunchScreen.storyboard */ = {
			isa = PBXVariantGroup;
			children = (
				EC0E19631E8CAD4D002B50F9 /* Base */,
			);
			name = LaunchScreen.storyboard;
			sourceTree = "<group>";
		};
/* End PBXVariantGroup section */

/* Begin XCBuildConfiguration section */
		EC0E19661E8CAD4D002B50F9 /* Debug */ = {
			isa = XCBuildConfiguration;
			buildSettings = {
				ALWAYS_SEARCH_USER_PATHS = NO;
				CLANG_ANALYZER_NONNULL = YES;
				CLANG_CXX_LANGUAGE_STANDARD = "gnu++0x";
				CLANG_CXX_LIBRARY = "libc++";
				CLANG_ENABLE_MODULES = YES;
				CLANG_ENABLE_OBJC_ARC = YES;
				CLANG_WARN_BOOL_CONVERSION = YES;
				CLANG_WARN_CONSTANT_CONVERSION = YES;
				CLANG_WARN_DIRECT_OBJC_ISA_USAGE = YES_ERROR;
				CLANG_WARN_DOCUMENTATION_COMMENTS = YES;
				CLANG_WARN_EMPTY_BODY = YES;
				CLANG_WARN_ENUM_CONVERSION = YES;
				CLANG_WARN_INFINITE_RECURSION = YES;
				CLANG_WARN_INT_CONVERSION = YES;
				CLANG_WARN_OBJC_ROOT_CLASS = YES_ERROR;
				CLANG_WARN_SUSPICIOUS_MOVE = YES;
				CLANG_WARN_UNREACHABLE_CODE = YES;
				CLANG_WARN__DUPLICATE_METHOD_MATCH = YES;
				"CODE_SIGN_IDENTITY[sdk=iphoneos*]" = "iPhone Developer";
				COPY_PHASE_STRIP = NO;
				DEBUG_INFORMATION_FORMAT = dwarf;
				ENABLE_STRICT_OBJC_MSGSEND = YES;
				ENABLE_TESTABILITY = YES;
				GCC_C_LANGUAGE_STANDARD = gnu99;
				GCC_DYNAMIC_NO_PIC = NO;
				GCC_NO_COMMON_BLOCKS = YES;
				GCC_OPTIMIZATION_LEVEL = 0;
				GCC_PREPROCESSOR_DEFINITIONS = (
					"DEBUG=1",
					"$(inherited)",
				);
				GCC_WARN_64_TO_32_BIT_CONVERSION = YES;
				GCC_WARN_ABOUT_RETURN_TYPE = YES_ERROR;
				GCC_WARN_UNDECLARED_SELECTOR = YES;
				GCC_WARN_UNINITIALIZED_AUTOS = YES_AGGRESSIVE;
				GCC_WARN_UNUSED_FUNCTION = YES;
				GCC_WARN_UNUSED_VARIABLE = YES;
				HEADER_SEARCH_PATHS = "${SRCROOT}/vendor/**";
				IPHONEOS_DEPLOYMENT_TARGET = 7.0;
				LIBRARY_SEARCH_PATHS = "$(SRCROOT)/vendor/iOS-CasterModel";
				MTL_ENABLE_DEBUG_INFO = YES;
				ONLY_ACTIVE_ARCH = YES;
				SDKROOT = iphoneos;
			};
			name = Debug;
		};
		EC0E19671E8CAD4D002B50F9 /* Release */ = {
			isa = XCBuildConfiguration;
			buildSettings = {
				ALWAYS_SEARCH_USER_PATHS = NO;
				CLANG_ANALYZER_NONNULL = YES;
				CLANG_CXX_LANGUAGE_STANDARD = "gnu++0x";
				CLANG_CXX_LIBRARY = "libc++";
				CLANG_ENABLE_MODULES = YES;
				CLANG_ENABLE_OBJC_ARC = YES;
				CLANG_WARN_BOOL_CONVERSION = YES;
				CLANG_WARN_CONSTANT_CONVERSION = YES;
				CLANG_WARN_DIRECT_OBJC_ISA_USAGE = YES_ERROR;
				CLANG_WARN_DOCUMENTATION_COMMENTS = YES;
				CLANG_WARN_EMPTY_BODY = YES;
				CLANG_WARN_ENUM_CONVERSION = YES;
				CLANG_WARN_INFINITE_RECURSION = YES;
				CLANG_WARN_INT_CONVERSION = YES;
				CLANG_WARN_OBJC_ROOT_CLASS = YES_ERROR;
				CLANG_WARN_SUSPICIOUS_MOVE = YES;
				CLANG_WARN_UNREACHABLE_CODE = YES;
				CLANG_WARN__DUPLICATE_METHOD_MATCH = YES;
				"CODE_SIGN_IDENTITY[sdk=iphoneos*]" = "iPhone Developer";
				COPY_PHASE_STRIP = NO;
				DEBUG_INFORMATION_FORMAT = "dwarf-with-dsym";
				ENABLE_NS_ASSERTIONS = NO;
				ENABLE_STRICT_OBJC_MSGSEND = YES;
				GCC_C_LANGUAGE_STANDARD = gnu99;
				GCC_NO_COMMON_BLOCKS = YES;
				GCC_WARN_64_TO_32_BIT_CONVERSION = YES;
				GCC_WARN_ABOUT_RETURN_TYPE = YES_ERROR;
				GCC_WARN_UNDECLARED_SELECTOR = YES;
				GCC_WARN_UNINITIALIZED_AUTOS = YES_AGGRESSIVE;
				GCC_WARN_UNUSED_FUNCTION = YES;
				GCC_WARN_UNUSED_VARIABLE = YES;
				HEADER_SEARCH_PATHS = "${SRCROOT}/vendor/**";
				IPHONEOS_DEPLOYMENT_TARGET = 7.0;
				LIBRARY_SEARCH_PATHS = "$(SRCROOT)/vendor/iOS-CasterModel";
				MTL_ENABLE_DEBUG_INFO = NO;
				ONLY_ACTIVE_ARCH = YES;
				SDKROOT = iphoneos;
				VALIDATE_PRODUCT = YES;
			};
			name = Release;
		};
		EC0E19691E8CAD4D002B50F9 /* Debug */ = {
			isa = XCBuildConfiguration;
			baseConfigurationReference = AAF788A3222577A7B8448A16 /* Pods-mvvm-playground.debug.xcconfig */;
			buildSettings = {
				ASSETCATALOG_COMPILER_APPICON_NAME = AppIcon;
				DEVELOPMENT_TEAM = 8T9HE858RS;
				GCC_PREFIX_HEADER = PrefixHeader.pch;
				INFOPLIST_FILE = "mvvm-playground/Info.plist";
				IPHONEOS_DEPLOYMENT_TARGET = 8.0;
				LD_RUNPATH_SEARCH_PATHS = "$(inherited) @executable_path/Frameworks";
				PRODUCT_BUNDLE_IDENTIFIER = "com.lufax.mvvm-playground.mvvm-playground";
				PRODUCT_NAME = "$(TARGET_NAME)";
				TARGETED_DEVICE_FAMILY = 1;
			};
			name = Debug;
		};
		EC0E196A1E8CAD4D002B50F9 /* Release */ = {
			isa = XCBuildConfiguration;
			baseConfigurationReference = 98D3D33F77E2491C2068DD53 /* Pods-mvvm-playground.release.xcconfig */;
			buildSettings = {
				ASSETCATALOG_COMPILER_APPICON_NAME = AppIcon;
				DEVELOPMENT_TEAM = 8T9HE858RS;
				GCC_PREFIX_HEADER = PrefixHeader.pch;
				INFOPLIST_FILE = "mvvm-playground/Info.plist";
				IPHONEOS_DEPLOYMENT_TARGET = 8.0;
				LD_RUNPATH_SEARCH_PATHS = "$(inherited) @executable_path/Frameworks";
				PRODUCT_BUNDLE_IDENTIFIER = "com.lufax.mvvm-playground.mvvm-playground";
				PRODUCT_NAME = "$(TARGET_NAME)";
				TARGETED_DEVICE_FAMILY = 1;
			};
			name = Release;
		};
/* End XCBuildConfiguration section */

/* Begin XCConfigurationList section */
		EC0E194C1E8CAD4C002B50F9 /* Build configuration list for PBXProject "mvvm-playground" */ = {
			isa = XCConfigurationList;
			buildConfigurations = (
				EC0E19661E8CAD4D002B50F9 /* Debug */,
				EC0E19671E8CAD4D002B50F9 /* Release */,
			);
			defaultConfigurationIsVisible = 0;
			defaultConfigurationName = Release;
		};
		EC0E19681E8CAD4D002B50F9 /* Build configuration list for PBXNativeTarget "mvvm-playground" */ = {
			isa = XCConfigurationList;
			buildConfigurations = (
				EC0E19691E8CAD4D002B50F9 /* Debug */,
				EC0E196A1E8CAD4D002B50F9 /* Release */,
			);
			defaultConfigurationIsVisible = 0;
			defaultConfigurationName = Release;
		};
/* End XCConfigurationList section */
	};
	rootObject = EC0E19491E8CAD4C002B50F9 /* Project object */;
}
